// !$*UTF8*$!
{
	archiveVersion = 1;
	classes = {
	};
	objectVersion = 46;
	objects = {

/* Begin PBXBuildFile section */
		680F6841198259183FD7DC4C /* Pods_Raspisaniye.framework in Frameworks */ = {isa = PBXBuildFile; fileRef = D4EF12D659A4D7BCF1911287 /* Pods_Raspisaniye.framework */; };
		A2498BA61C6F30EA00AFBF4C /* ProfileViewController.swift in Sources */ = {isa = PBXBuildFile; fileRef = A2498BA51C6F30EA00AFBF4C /* ProfileViewController.swift */; };
		A2498BAC1C6F39BB00AFBF4C /* profileBackground@2x.png in Resources */ = {isa = PBXBuildFile; fileRef = A2498BAB1C6F39BB00AFBF4C /* profileBackground@2x.png */; };
		A2498BAE1C6F44C400AFBF4C /* profileNavigationBackground@2x.png in Resources */ = {isa = PBXBuildFile; fileRef = A2498BAD1C6F44C400AFBF4C /* profileNavigationBackground@2x.png */; };
		A2498BB01C6F4FB800AFBF4C /* runnigMan@2x.png in Resources */ = {isa = PBXBuildFile; fileRef = A2498BAF1C6F4FB800AFBF4C /* runnigMan@2x.png */; };
		A29DC4051C711507000842D3 /* ProfileTableViewController.swift in Sources */ = {isa = PBXBuildFile; fileRef = A29DC4041C711507000842D3 /* ProfileTableViewController.swift */; };
		A29DC4071C7115DF000842D3 /* ProfileScreenTableViewCell.swift in Sources */ = {isa = PBXBuildFile; fileRef = A29DC4061C7115DF000842D3 /* ProfileScreenTableViewCell.swift */; };
		A29F12D21C6A154C00D73B5C /* InternetManager.swift in Sources */ = {isa = PBXBuildFile; fileRef = A29F12CD1C69F3BC00D73B5C /* InternetManager.swift */; };
		A29F12D61C6A63DA00D73B5C /* HelperManager.swift in Sources */ = {isa = PBXBuildFile; fileRef = A29F12D51C6A63DA00D73B5C /* HelperManager.swift */; };
		A29F12DD1C6A8AE300D73B5C /* OneLesson.swift in Sources */ = {isa = PBXBuildFile; fileRef = A29F12DC1C6A8AE300D73B5C /* OneLesson.swift */; };
		B21DA91F1C82EFB0008B6B32 /* Cat.png in Resources */ = {isa = PBXBuildFile; fileRef = B21DA91E1C82EFB0008B6B32 /* Cat.png */; };
		B21DA9211C82FC51008B6B32 /* Cat_laze.png in Resources */ = {isa = PBXBuildFile; fileRef = B21DA9201C82FC51008B6B32 /* Cat_laze.png */; };
		B24ACABE1C408B86006FB191 /* AppDelegate.swift in Sources */ = {isa = PBXBuildFile; fileRef = B24ACAB81C408B86006FB191 /* AppDelegate.swift */; };
		B24ACAC11C408B86006FB191 /* MainNavigationSegue.swift in Sources */ = {isa = PBXBuildFile; fileRef = B24ACABC1C408B86006FB191 /* MainNavigationSegue.swift */; };
		B24ACAC21C408B86006FB191 /* MMSwiftTabBarController.swift in Sources */ = {isa = PBXBuildFile; fileRef = B24ACABD1C408B86006FB191 /* MMSwiftTabBarController.swift */; };
		B24B287B1C75184100CDF3BA /* OneWeek.swift in Sources */ = {isa = PBXBuildFile; fileRef = B24B287A1C75184100CDF3BA /* OneWeek.swift */; };
		B24B287F1C751C5E00CDF3BA /* OneDay.swift in Sources */ = {isa = PBXBuildFile; fileRef = B24B287E1C751C5E00CDF3BA /* OneDay.swift */; };
		B25612811C6A6F810083CFCB /* Search.png in Resources */ = {isa = PBXBuildFile; fileRef = B25612801C6A6F810083CFCB /* Search.png */; };
		B25612871C6A828A0083CFCB /* MainTableViewController.swift in Sources */ = {isa = PBXBuildFile; fileRef = B25612861C6A828A0083CFCB /* MainTableViewController.swift */; };
		B25612891C6A86AE0083CFCB /* CustomTableViewCell.swift in Sources */ = {isa = PBXBuildFile; fileRef = B25612881C6A86AE0083CFCB /* CustomTableViewCell.swift */; };
		B25F65B01C7B83830033EB2B /* WeekNavigationSegue.swift in Sources */ = {isa = PBXBuildFile; fileRef = B25F65AF1C7B83830033EB2B /* WeekNavigationSegue.swift */; };
		B2639AD01C4123A30028F663 /* Global.swift in Sources */ = {isa = PBXBuildFile; fileRef = B2639ACF1C4123A30028F663 /* Global.swift */; };
		B2639AD71C41291F0028F663 /* Images.xcassets in Resources */ = {isa = PBXBuildFile; fileRef = B2639AD61C41291F0028F663 /* Images.xcassets */; };
		B27314051C7919760004B709 /* CabController.swift in Sources */ = {isa = PBXBuildFile; fileRef = B27314041C7919760004B709 /* CabController.swift */; };
		B289090E1C52D14500EB0A08 /* CabNavSegue.swift in Sources */ = {isa = PBXBuildFile; fileRef = B289090D1C52D14500EB0A08 /* CabNavSegue.swift */; };
		B28909101C52D88800EB0A08 /* LoginViewOneController.swift in Sources */ = {isa = PBXBuildFile; fileRef = B289090F1C52D88800EB0A08 /* LoginViewOneController.swift */; };
		B28F1FC01C54183400C9136B /* CustomBtn.swift in Sources */ = {isa = PBXBuildFile; fileRef = B28F1FBF1C54183400C9136B /* CustomBtn.swift */; };
		B28F1FC51C542A7D00C9136B /* LoginViewTwoController.swift in Sources */ = {isa = PBXBuildFile; fileRef = B28F1FC41C542A7D00C9136B /* LoginViewTwoController.swift */; };
		B2C4063D1C408CD000FB90BF /* LaunchScreen.xib in Resources */ = {isa = PBXBuildFile; fileRef = B2C4063B1C408CD000FB90BF /* LaunchScreen.xib */; };
		B2C4063E1C408CD000FB90BF /* Main.storyboard in Resources */ = {isa = PBXBuildFile; fileRef = B2C4063C1C408CD000FB90BF /* Main.storyboard */; };
		B2C4F8731C5629B500B7CAFD /* CustomTextFld.swift in Sources */ = {isa = PBXBuildFile; fileRef = B2C4F8721C5629B500B7CAFD /* CustomTextFld.swift */; };
		B2D3B4371C6D1944003C1464 /* clock.png in Resources */ = {isa = PBXBuildFile; fileRef = B2D3B4361C6D1944003C1464 /* clock.png */; };
		B2D3B4391C6D1948003C1464 /* location.png in Resources */ = {isa = PBXBuildFile; fileRef = B2D3B4381C6D1948003C1464 /* location.png */; };
/* End PBXBuildFile section */

/* Begin PBXFileReference section */
		45F2318CF5A2ADE9D6C6DF29 /* Pods-Raspisaniye.debug.xcconfig */ = {isa = PBXFileReference; includeInIndex = 1; lastKnownFileType = text.xcconfig; name = "Pods-Raspisaniye.debug.xcconfig"; path = "Pods/Target Support Files/Pods-Raspisaniye/Pods-Raspisaniye.debug.xcconfig"; sourceTree = "<group>"; };
		7BDB444D168DAA28D947611A /* Pods-Raspisaniye.release.xcconfig */ = {isa = PBXFileReference; includeInIndex = 1; lastKnownFileType = text.xcconfig; name = "Pods-Raspisaniye.release.xcconfig"; path = "Pods/Target Support Files/Pods-Raspisaniye/Pods-Raspisaniye.release.xcconfig"; sourceTree = "<group>"; };
		A2498BA51C6F30EA00AFBF4C /* ProfileViewController.swift */ = {isa = PBXFileReference; fileEncoding = 4; lastKnownFileType = sourcecode.swift; name = ProfileViewController.swift; path = ViewControllers/ProfileViewController.swift; sourceTree = "<group>"; };
		A2498BAB1C6F39BB00AFBF4C /* profileBackground@2x.png */ = {isa = PBXFileReference; lastKnownFileType = image.png; path = "profileBackground@2x.png"; sourceTree = "<group>"; };
		A2498BAD1C6F44C400AFBF4C /* profileNavigationBackground@2x.png */ = {isa = PBXFileReference; lastKnownFileType = image.png; path = "profileNavigationBackground@2x.png"; sourceTree = "<group>"; };
		A2498BAF1C6F4FB800AFBF4C /* runnigMan@2x.png */ = {isa = PBXFileReference; lastKnownFileType = image.png; path = "runnigMan@2x.png"; sourceTree = "<group>"; };
		A29DC4041C711507000842D3 /* ProfileTableViewController.swift */ = {isa = PBXFileReference; fileEncoding = 4; lastKnownFileType = sourcecode.swift; name = ProfileTableViewController.swift; path = ViewControllers/ProfileTableViewController.swift; sourceTree = "<group>"; };
		A29DC4061C7115DF000842D3 /* ProfileScreenTableViewCell.swift */ = {isa = PBXFileReference; fileEncoding = 4; lastKnownFileType = sourcecode.swift; name = ProfileScreenTableViewCell.swift; path = Customs/ProfileScreenTableViewCell.swift; sourceTree = "<group>"; };
		A29F12CD1C69F3BC00D73B5C /* InternetManager.swift */ = {isa = PBXFileReference; fileEncoding = 4; lastKnownFileType = sourcecode.swift; name = InternetManager.swift; path = Managers/InternetManager.swift; sourceTree = "<group>"; };
		A29F12D01C6A085200D73B5C /* Bridging-Header.h */ = {isa = PBXFileReference; lastKnownFileType = sourcecode.c.h; name = "Bridging-Header.h"; path = "Supporting Files/Bridging-Header.h"; sourceTree = "<group>"; };
		A29F12D51C6A63DA00D73B5C /* HelperManager.swift */ = {isa = PBXFileReference; fileEncoding = 4; lastKnownFileType = sourcecode.swift; name = HelperManager.swift; path = Managers/HelperManager.swift; sourceTree = "<group>"; };
		A29F12DC1C6A8AE300D73B5C /* OneLesson.swift */ = {isa = PBXFileReference; fileEncoding = 4; lastKnownFileType = sourcecode.swift; name = OneLesson.swift; path = "Data Model/OneLesson.swift"; sourceTree = "<group>"; };
		B21DA91E1C82EFB0008B6B32 /* Cat.png */ = {isa = PBXFileReference; lastKnownFileType = image.png; path = Cat.png; sourceTree = "<group>"; };
		B21DA9201C82FC51008B6B32 /* Cat_laze.png */ = {isa = PBXFileReference; lastKnownFileType = image.png; path = Cat_laze.png; sourceTree = "<group>"; };
		B24ACAB81C408B86006FB191 /* AppDelegate.swift */ = {isa = PBXFileReference; fileEncoding = 4; lastKnownFileType = sourcecode.swift; path = AppDelegate.swift; sourceTree = "<group>"; };
		B24ACABC1C408B86006FB191 /* MainNavigationSegue.swift */ = {isa = PBXFileReference; fileEncoding = 4; lastKnownFileType = sourcecode.swift; path = MainNavigationSegue.swift; sourceTree = "<group>"; };
		B24ACABD1C408B86006FB191 /* MMSwiftTabBarController.swift */ = {isa = PBXFileReference; fileEncoding = 4; lastKnownFileType = sourcecode.swift; path = MMSwiftTabBarController.swift; sourceTree = "<group>"; };
		B24B287A1C75184100CDF3BA /* OneWeek.swift */ = {isa = PBXFileReference; fileEncoding = 4; lastKnownFileType = sourcecode.swift; path = OneWeek.swift; sourceTree = "<group>"; };
		B24B287E1C751C5E00CDF3BA /* OneDay.swift */ = {isa = PBXFileReference; fileEncoding = 4; lastKnownFileType = sourcecode.swift; path = OneDay.swift; sourceTree = "<group>"; };
		B25612801C6A6F810083CFCB /* Search.png */ = {isa = PBXFileReference; lastKnownFileType = image.png; path = Search.png; sourceTree = "<group>"; };
		B25612861C6A828A0083CFCB /* MainTableViewController.swift */ = {isa = PBXFileReference; fileEncoding = 4; lastKnownFileType = sourcecode.swift; path = MainTableViewController.swift; sourceTree = "<group>"; };
		B25612881C6A86AE0083CFCB /* CustomTableViewCell.swift */ = {isa = PBXFileReference; fileEncoding = 4; lastKnownFileType = sourcecode.swift; path = CustomTableViewCell.swift; sourceTree = "<group>"; };
		B25F65AF1C7B83830033EB2B /* WeekNavigationSegue.swift */ = {isa = PBXFileReference; fileEncoding = 4; lastKnownFileType = sourcecode.swift; path = WeekNavigationSegue.swift; sourceTree = "<group>"; };
		B2639ACF1C4123A30028F663 /* Global.swift */ = {isa = PBXFileReference; fileEncoding = 4; lastKnownFileType = sourcecode.swift; path = Global.swift; sourceTree = "<group>"; };
		B2639AD61C41291F0028F663 /* Images.xcassets */ = {isa = PBXFileReference; lastKnownFileType = folder.assetcatalog; name = Images.xcassets; path = Raspisaniye/Images.xcassets; sourceTree = "<group>"; };
		B27314041C7919760004B709 /* CabController.swift */ = {isa = PBXFileReference; fileEncoding = 4; lastKnownFileType = sourcecode.swift; path = CabController.swift; sourceTree = "<group>"; };
		B289090D1C52D14500EB0A08 /* CabNavSegue.swift */ = {isa = PBXFileReference; fileEncoding = 4; lastKnownFileType = sourcecode.swift; path = CabNavSegue.swift; sourceTree = "<group>"; };
		B289090F1C52D88800EB0A08 /* LoginViewOneController.swift */ = {isa = PBXFileReference; fileEncoding = 4; lastKnownFileType = sourcecode.swift; path = LoginViewOneController.swift; sourceTree = "<group>"; };
		B28F1FBF1C54183400C9136B /* CustomBtn.swift */ = {isa = PBXFileReference; fileEncoding = 4; lastKnownFileType = sourcecode.swift; path = CustomBtn.swift; sourceTree = "<group>"; };
		B28F1FC41C542A7D00C9136B /* LoginViewTwoController.swift */ = {isa = PBXFileReference; fileEncoding = 4; lastKnownFileType = sourcecode.swift; path = LoginViewTwoController.swift; sourceTree = "<group>"; };
		B296042D1C582F0400A14509 /* README.md */ = {isa = PBXFileReference; fileEncoding = 4; lastKnownFileType = net.daringfireball.markdown; path = README.md; sourceTree = "<group>"; };
		B2C406391C408C4E00FB90BF /* Info.plist */ = {isa = PBXFileReference; fileEncoding = 4; lastKnownFileType = text.plist.xml; path = Info.plist; sourceTree = "<group>"; };
		B2C4063B1C408CD000FB90BF /* LaunchScreen.xib */ = {isa = PBXFileReference; fileEncoding = 4; lastKnownFileType = file.xib; path = LaunchScreen.xib; sourceTree = "<group>"; };
		B2C4063C1C408CD000FB90BF /* Main.storyboard */ = {isa = PBXFileReference; fileEncoding = 4; lastKnownFileType = file.storyboard; path = Main.storyboard; sourceTree = "<group>"; };
		B2C4F8721C5629B500B7CAFD /* CustomTextFld.swift */ = {isa = PBXFileReference; fileEncoding = 4; lastKnownFileType = sourcecode.swift; path = CustomTextFld.swift; sourceTree = "<group>"; };
		B2D3B4361C6D1944003C1464 /* clock.png */ = {isa = PBXFileReference; lastKnownFileType = image.png; path = clock.png; sourceTree = "<group>"; };
		B2D3B4381C6D1948003C1464 /* location.png */ = {isa = PBXFileReference; lastKnownFileType = image.png; path = location.png; sourceTree = "<group>"; };
		B2FDE3761C3DB4C300290A04 /* Raspisaniye.app */ = {isa = PBXFileReference; explicitFileType = wrapper.application; includeInIndex = 0; path = Raspisaniye.app; sourceTree = BUILT_PRODUCTS_DIR; };
		D4EF12D659A4D7BCF1911287 /* Pods_Raspisaniye.framework */ = {isa = PBXFileReference; explicitFileType = wrapper.framework; includeInIndex = 0; path = Pods_Raspisaniye.framework; sourceTree = BUILT_PRODUCTS_DIR; };
/* End PBXFileReference section */

/* Begin PBXFrameworksBuildPhase section */
		B2FDE3731C3DB4C300290A04 /* Frameworks */ = {
			isa = PBXFrameworksBuildPhase;
			buildActionMask = 2147483647;
			files = (
				680F6841198259183FD7DC4C /* Pods_Raspisaniye.framework in Frameworks */,
			);
			runOnlyForDeploymentPostprocessing = 0;
		};
/* End PBXFrameworksBuildPhase section */

/* Begin PBXGroup section */
		421B7E7ECB7428C316BDA417 /* Frameworks */ = {
			isa = PBXGroup;
			children = (
				D4EF12D659A4D7BCF1911287 /* Pods_Raspisaniye.framework */,
			);
			name = Frameworks;
			sourceTree = "<group>";
		};
		A2498BB11C6F585400AFBF4C /* images */ = {
			isa = PBXGroup;
			children = (
				B21DA91E1C82EFB0008B6B32 /* Cat.png */,
				B2D3B4381C6D1948003C1464 /* location.png */,
				A2498BAB1C6F39BB00AFBF4C /* profileBackground@2x.png */,
				A2498BAD1C6F44C400AFBF4C /* profileNavigationBackground@2x.png */,
				A2498BAF1C6F4FB800AFBF4C /* runnigMan@2x.png */,
				B2D3B4361C6D1944003C1464 /* clock.png */,
				B21DA9201C82FC51008B6B32 /* Cat_laze.png */,
				B25612801C6A6F810083CFCB /* Search.png */,
			);
			name = images;
			sourceTree = "<group>";
		};
		A250EB601C56CF530022A117 /* Supporting files */ = {
			isa = PBXGroup;
			children = (
				A29F12D01C6A085200D73B5C /* Bridging-Header.h */,
				B296042D1C582F0400A14509 /* README.md */,
				B2C406391C408C4E00FB90BF /* Info.plist */,
				B2FDE3771C3DB4C300290A04 /* Products */,
			);
			name = "Supporting files";
			sourceTree = "<group>";
		};
		A27DA1251C735A6100F7A92D /* Main Screen */ = {
			isa = PBXGroup;
			children = (
				B27314041C7919760004B709 /* CabController.swift */,
				B24ACABD1C408B86006FB191 /* MMSwiftTabBarController.swift */,
				B25612861C6A828A0083CFCB /* MainTableViewController.swift */,
			);
			name = "Main Screen";
			sourceTree = "<group>";
		};
		A28E67A5085289D8D531C923 /* Pods */ = {
			isa = PBXGroup;
			children = (
				45F2318CF5A2ADE9D6C6DF29 /* Pods-Raspisaniye.debug.xcconfig */,
				7BDB444D168DAA28D947611A /* Pods-Raspisaniye.release.xcconfig */,
			);
			name = Pods;
			sourceTree = "<group>";
		};
		A29DC4031C7114D4000842D3 /* Profile Screen */ = {
			isa = PBXGroup;
			children = (
				A2498BA51C6F30EA00AFBF4C /* ProfileViewController.swift */,
				A29DC4041C711507000842D3 /* ProfileTableViewController.swift */,
			);
			name = "Profile Screen";
			sourceTree = "<group>";
		};
		A29F12CF1C69F3C600D73B5C /* Managers */ = {
			isa = PBXGroup;
			children = (
				A29F12CD1C69F3BC00D73B5C /* InternetManager.swift */,
				A29F12D51C6A63DA00D73B5C /* HelperManager.swift */,
				B2639ACF1C4123A30028F663 /* Global.swift */,
			);
			name = Managers;
			sourceTree = "<group>";
		};
		A29F12DB1C6A8A6C00D73B5C /* Data Model */ = {
			isa = PBXGroup;
			children = (
				A29F12DC1C6A8AE300D73B5C /* OneLesson.swift */,
				B24B287E1C751C5E00CDF3BA /* OneDay.swift */,
				B24B287A1C75184100CDF3BA /* OneWeek.swift */,
			);
			name = "Data Model";
			sourceTree = "<group>";
		};
		B296042F1C58316700A14509 /* Login Screen */ = {
			isa = PBXGroup;
			children = (
				B289090F1C52D88800EB0A08 /* LoginViewOneController.swift */,
				B28F1FC41C542A7D00C9136B /* LoginViewTwoController.swift */,
			);
			name = "Login Screen";
			sourceTree = "<group>";
		};
		B2C4F87E1C566D3000B7CAFD /* Customs */ = {
			isa = PBXGroup;
			children = (
				B25612881C6A86AE0083CFCB /* CustomTableViewCell.swift */,
				A29DC4061C7115DF000842D3 /* ProfileScreenTableViewCell.swift */,
				B289090D1C52D14500EB0A08 /* CabNavSegue.swift */,
				B2C4F8721C5629B500B7CAFD /* CustomTextFld.swift */,
				B28F1FBF1C54183400C9136B /* CustomBtn.swift */,
				B24ACABC1C408B86006FB191 /* MainNavigationSegue.swift */,
				B25F65AF1C7B83830033EB2B /* WeekNavigationSegue.swift */,
			);
			name = Customs;
			sourceTree = "<group>";
		};
		B2FDE36D1C3DB4C300290A04 = {
			isa = PBXGroup;
			children = (
				A2498BB11C6F585400AFBF4C /* images */,
				B2C4F87E1C566D3000B7CAFD /* Customs */,
				B296042F1C58316700A14509 /* Login Screen */,
				A27DA1251C735A6100F7A92D /* Main Screen */,
				A29DC4031C7114D4000842D3 /* Profile Screen */,
				B24ACAB81C408B86006FB191 /* AppDelegate.swift */,
				A29F12CF1C69F3C600D73B5C /* Managers */,
				A29F12DB1C6A8A6C00D73B5C /* Data Model */,
				B2C4063B1C408CD000FB90BF /* LaunchScreen.xib */,
				B2C4063C1C408CD000FB90BF /* Main.storyboard */,
				B2639AD61C41291F0028F663 /* Images.xcassets */,
				A250EB601C56CF530022A117 /* Supporting files */,
				A28E67A5085289D8D531C923 /* Pods */,
				421B7E7ECB7428C316BDA417 /* Frameworks */,
			);
			sourceTree = "<group>";
		};
		B2FDE3771C3DB4C300290A04 /* Products */ = {
			isa = PBXGroup;
			children = (
				B2FDE3761C3DB4C300290A04 /* Raspisaniye.app */,
			);
			name = Products;
			sourceTree = "<group>";
		};
/* End PBXGroup section */

/* Begin PBXNativeTarget section */
		B2FDE3751C3DB4C300290A04 /* Raspisaniye */ = {
			isa = PBXNativeTarget;
			buildConfigurationList = B2FDE38A1C3DB4C300290A04 /* Build configuration list for PBXNativeTarget "Raspisaniye" */;
			buildPhases = (
				972597496B2D5285B3013B0E /* Check Pods Manifest.lock */,
				B2FDE3721C3DB4C300290A04 /* Sources */,
				B2FDE3731C3DB4C300290A04 /* Frameworks */,
				B2FDE3741C3DB4C300290A04 /* Resources */,
				3480F66C7B571DC35179F4E8 /* Embed Pods Frameworks */,
				54BD48AA7463ECDD8F51EC5C /* Copy Pods Resources */,
			);
			buildRules = (
			);
			dependencies = (
			);
			name = Raspisaniye;
			productName = Raspisaniye;
			productReference = B2FDE3761C3DB4C300290A04 /* Raspisaniye.app */;
			productType = "com.apple.product-type.application";
		};
/* End PBXNativeTarget section */

/* Begin PBXProject section */
		B2FDE36E1C3DB4C300290A04 /* Project object */ = {
			isa = PBXProject;
			attributes = {
				LastSwiftUpdateCheck = 0700;
				LastUpgradeCheck = 0720;
				ORGANIZATIONNAME = rGradeStd;
				TargetAttributes = {
					B2FDE3751C3DB4C300290A04 = {
						CreatedOnToolsVersion = 7.0;
						DevelopmentTeam = FKNLQ46HWC;
					};
				};
			};
			buildConfigurationList = B2FDE3711C3DB4C300290A04 /* Build configuration list for PBXProject "Raspisaniye" */;
			compatibilityVersion = "Xcode 3.2";
			developmentRegion = English;
			hasScannedForEncodings = 0;
			knownRegions = (
				en,
				Base,
			);
			mainGroup = B2FDE36D1C3DB4C300290A04;
			productRefGroup = B2FDE3771C3DB4C300290A04 /* Products */;
			projectDirPath = "";
			projectRoot = "";
			targets = (
				B2FDE3751C3DB4C300290A04 /* Raspisaniye */,
			);
		};
/* End PBXProject section */

/* Begin PBXResourcesBuildPhase section */
		B2FDE3741C3DB4C300290A04 /* Resources */ = {
			isa = PBXResourcesBuildPhase;
			buildActionMask = 2147483647;
			files = (
				B21DA91F1C82EFB0008B6B32 /* Cat.png in Resources */,
				A2498BAE1C6F44C400AFBF4C /* profileNavigationBackground@2x.png in Resources */,
				A2498BAC1C6F39BB00AFBF4C /* profileBackground@2x.png in Resources */,
				B2C4063D1C408CD000FB90BF /* LaunchScreen.xib in Resources */,
				B2D3B4371C6D1944003C1464 /* clock.png in Resources */,
				B2C4063E1C408CD000FB90BF /* Main.storyboard in Resources */,
				B21DA9211C82FC51008B6B32 /* Cat_laze.png in Resources */,
				A2498BB01C6F4FB800AFBF4C /* runnigMan@2x.png in Resources */,
				B2639AD71C41291F0028F663 /* Images.xcassets in Resources */,
				B2D3B4391C6D1948003C1464 /* location.png in Resources */,
				B25612811C6A6F810083CFCB /* Search.png in Resources */,
			);
			runOnlyForDeploymentPostprocessing = 0;
		};
/* End PBXResourcesBuildPhase section */

/* Begin PBXShellScriptBuildPhase section */
		3480F66C7B571DC35179F4E8 /* Embed Pods Frameworks */ = {
			isa = PBXShellScriptBuildPhase;
			buildActionMask = 2147483647;
			files = (
			);
			inputPaths = (
			);
			name = "Embed Pods Frameworks";
			outputPaths = (
			);
			runOnlyForDeploymentPostprocessing = 0;
			shellPath = /bin/sh;
			shellScript = "\"${SRCROOT}/Pods/Target Support Files/Pods-Raspisaniye/Pods-Raspisaniye-frameworks.sh\"\n";
			showEnvVarsInLog = 0;
		};
		54BD48AA7463ECDD8F51EC5C /* Copy Pods Resources */ = {
			isa = PBXShellScriptBuildPhase;
			buildActionMask = 2147483647;
			files = (
			);
			inputPaths = (
			);
			name = "Copy Pods Resources";
			outputPaths = (
			);
			runOnlyForDeploymentPostprocessing = 0;
			shellPath = /bin/sh;
			shellScript = "\"${SRCROOT}/Pods/Target Support Files/Pods-Raspisaniye/Pods-Raspisaniye-resources.sh\"\n";
			showEnvVarsInLog = 0;
		};
		972597496B2D5285B3013B0E /* Check Pods Manifest.lock */ = {
			isa = PBXShellScriptBuildPhase;
			buildActionMask = 2147483647;
			files = (
			);
			inputPaths = (
			);
			name = "Check Pods Manifest.lock";
			outputPaths = (
			);
			runOnlyForDeploymentPostprocessing = 0;
			shellPath = /bin/sh;
			shellScript = "diff \"${PODS_ROOT}/../Podfile.lock\" \"${PODS_ROOT}/Manifest.lock\" > /dev/null\nif [[ $? != 0 ]] ; then\n    cat << EOM\nerror: The sandbox is not in sync with the Podfile.lock. Run 'pod install' or update your CocoaPods installation.\nEOM\n    exit 1\nfi\n";
			showEnvVarsInLog = 0;
		};
/* End PBXShellScriptBuildPhase section */

/* Begin PBXSourcesBuildPhase section */
		B2FDE3721C3DB4C300290A04 /* Sources */ = {
			isa = PBXSourcesBuildPhase;
			buildActionMask = 2147483647;
			files = (
				A29F12D21C6A154C00D73B5C /* InternetManager.swift in Sources */,
				B25F65B01C7B83830033EB2B /* WeekNavigationSegue.swift in Sources */,
				B28F1FC51C542A7D00C9136B /* LoginViewTwoController.swift in Sources */,
				B2639AD01C4123A30028F663 /* Global.swift in Sources */,
				A29F12DD1C6A8AE300D73B5C /* OneLesson.swift in Sources */,
				A29DC4071C7115DF000842D3 /* ProfileScreenTableViewCell.swift in Sources */,
				B28F1FC01C54183400C9136B /* CustomBtn.swift in Sources */,
				A29DC4051C711507000842D3 /* ProfileTableViewController.swift in Sources */,
				B24B287B1C75184100CDF3BA /* OneWeek.swift in Sources */,
				B24ACAC11C408B86006FB191 /* MainNavigationSegue.swift in Sources */,
				B25612891C6A86AE0083CFCB /* CustomTableViewCell.swift in Sources */,
				A2498BA61C6F30EA00AFBF4C /* ProfileViewController.swift in Sources */,
				B25612871C6A828A0083CFCB /* MainTableViewController.swift in Sources */,
				B2C4F8731C5629B500B7CAFD /* CustomTextFld.swift in Sources */,
				B27314051C7919760004B709 /* CabController.swift in Sources */,
				B24ACABE1C408B86006FB191 /* AppDelegate.swift in Sources */,
				B289090E1C52D14500EB0A08 /* CabNavSegue.swift in Sources */,
				B28909101C52D88800EB0A08 /* LoginViewOneController.swift in Sources */,
				B24ACAC21C408B86006FB191 /* MMSwiftTabBarController.swift in Sources */,
				A29F12D61C6A63DA00D73B5C /* HelperManager.swift in Sources */,
				B24B287F1C751C5E00CDF3BA /* OneDay.swift in Sources */,
			);
			runOnlyForDeploymentPostprocessing = 0;
		};
/* End PBXSourcesBuildPhase section */

/* Begin XCBuildConfiguration section */
		B2FDE3881C3DB4C300290A04 /* Debug */ = {
			isa = XCBuildConfiguration;
			buildSettings = {
				ALWAYS_SEARCH_USER_PATHS = NO;
				CLANG_CXX_LANGUAGE_STANDARD = "gnu++0x";
				CLANG_CXX_LIBRARY = "libc++";
				CLANG_ENABLE_MODULES = YES;
				CLANG_ENABLE_OBJC_ARC = YES;
				CLANG_WARN_BOOL_CONVERSION = YES;
				CLANG_WARN_CONSTANT_CONVERSION = YES;
				CLANG_WARN_DIRECT_OBJC_ISA_USAGE = YES_ERROR;
				CLANG_WARN_EMPTY_BODY = YES;
				CLANG_WARN_ENUM_CONVERSION = YES;
				CLANG_WARN_INT_CONVERSION = YES;
				CLANG_WARN_OBJC_ROOT_CLASS = YES_ERROR;
				CLANG_WARN_UNREACHABLE_CODE = YES;
				CLANG_WARN__DUPLICATE_METHOD_MATCH = YES;
				"CODE_SIGN_IDENTITY[sdk=iphoneos*]" = "iPhone Developer";
				COPY_PHASE_STRIP = NO;
				DEBUG_INFORMATION_FORMAT = dwarf;
				ENABLE_STRICT_OBJC_MSGSEND = YES;
				ENABLE_TESTABILITY = YES;
				GCC_C_LANGUAGE_STANDARD = gnu99;
				GCC_DYNAMIC_NO_PIC = NO;
				GCC_NO_COMMON_BLOCKS = YES;
				GCC_OPTIMIZATION_LEVEL = 0;
				GCC_PREPROCESSOR_DEFINITIONS = (
					"DEBUG=1",
					"$(inherited)",
				);
				GCC_WARN_64_TO_32_BIT_CONVERSION = YES;
				GCC_WARN_ABOUT_RETURN_TYPE = YES_ERROR;
				GCC_WARN_UNDECLARED_SELECTOR = YES;
				GCC_WARN_UNINITIALIZED_AUTOS = YES_AGGRESSIVE;
				GCC_WARN_UNUSED_FUNCTION = YES;
				GCC_WARN_UNUSED_VARIABLE = YES;
				IPHONEOS_DEPLOYMENT_TARGET = 8.0;
				MTL_ENABLE_DEBUG_INFO = YES;
				ONLY_ACTIVE_ARCH = YES;
				SDKROOT = iphoneos;
				SWIFT_OPTIMIZATION_LEVEL = "-Onone";
			};
			name = Debug;
		};
		B2FDE3891C3DB4C300290A04 /* Release */ = {
			isa = XCBuildConfiguration;
			buildSettings = {
				ALWAYS_SEARCH_USER_PATHS = NO;
				CLANG_CXX_LANGUAGE_STANDARD = "gnu++0x";
				CLANG_CXX_LIBRARY = "libc++";
				CLANG_ENABLE_MODULES = YES;
				CLANG_ENABLE_OBJC_ARC = YES;
				CLANG_WARN_BOOL_CONVERSION = YES;
				CLANG_WARN_CONSTANT_CONVERSION = YES;
				CLANG_WARN_DIRECT_OBJC_ISA_USAGE = YES_ERROR;
				CLANG_WARN_EMPTY_BODY = YES;
				CLANG_WARN_ENUM_CONVERSION = YES;
				CLANG_WARN_INT_CONVERSION = YES;
				CLANG_WARN_OBJC_ROOT_CLASS = YES_ERROR;
				CLANG_WARN_UNREACHABLE_CODE = YES;
				CLANG_WARN__DUPLICATE_METHOD_MATCH = YES;
				"CODE_SIGN_IDENTITY[sdk=iphoneos*]" = "iPhone Developer";
				COPY_PHASE_STRIP = NO;
				DEBUG_INFORMATION_FORMAT = "dwarf-with-dsym";
				ENABLE_NS_ASSERTIONS = NO;
				ENABLE_STRICT_OBJC_MSGSEND = YES;
				GCC_C_LANGUAGE_STANDARD = gnu99;
				GCC_NO_COMMON_BLOCKS = YES;
				GCC_WARN_64_TO_32_BIT_CONVERSION = YES;
				GCC_WARN_ABOUT_RETURN_TYPE = YES_ERROR;
				GCC_WARN_UNDECLARED_SELECTOR = YES;
				GCC_WARN_UNINITIALIZED_AUTOS = YES_AGGRESSIVE;
				GCC_WARN_UNUSED_FUNCTION = YES;
				GCC_WARN_UNUSED_VARIABLE = YES;
				IPHONEOS_DEPLOYMENT_TARGET = 8.0;
				MTL_ENABLE_DEBUG_INFO = NO;
				SDKROOT = iphoneos;
				VALIDATE_PRODUCT = YES;
			};
			name = Release;
		};
		B2FDE38B1C3DB4C300290A04 /* Debug */ = {
			isa = XCBuildConfiguration;
			baseConfigurationReference = 45F2318CF5A2ADE9D6C6DF29 /* Pods-Raspisaniye.debug.xcconfig */;
			buildSettings = {
				ALWAYS_SEARCH_USER_PATHS = NO;
				ASSETCATALOG_COMPILER_APPICON_NAME = AppIcon;
				ASSETCATALOG_COMPILER_LAUNCHIMAGE_NAME = "Brand Assets";
				CLANG_ENABLE_MODULES = YES;
				CODE_SIGN_IDENTITY = "iPhone Developer";
				"CODE_SIGN_IDENTITY[sdk=iphoneos*]" = "iPhone Developer";
				FRAMEWORK_SEARCH_PATHS = (
					"$(inherited)",
					"$(PROJECT_DIR)",
				);
				INFOPLIST_FILE = "$(SRCROOT)/Info.plist";
				IPHONEOS_DEPLOYMENT_TARGET = 8.0;
				LD_RUNPATH_SEARCH_PATHS = "$(inherited) @executable_path/Frameworks";
				ONLY_ACTIVE_ARCH = YES;
				PRODUCT_BUNDLE_IDENTIFIER = com.rGradeStd;
				PRODUCT_NAME = "$(TARGET_NAME)";
				PROVISIONING_PROFILE = "";
				SWIFT_OBJC_BRIDGING_HEADER = "Supporting Files/Bridging-Header.h";
				"SWIFT_OBJC_BRIDGING_HEADER[arch=*]" = "Supporting Files/Bridging-Header.h";
				SWIFT_OPTIMIZATION_LEVEL = "-Onone";
				TARGETED_DEVICE_FAMILY = "1,2";
				USER_HEADER_SEARCH_PATHS = "Pods/**";
			};
			name = Debug;
		};
		B2FDE38C1C3DB4C300290A04 /* Release */ = {
			isa = XCBuildConfiguration;
			baseConfigurationReference = 7BDB444D168DAA28D947611A /* Pods-Raspisaniye.release.xcconfig */;
			buildSettings = {
				ALWAYS_SEARCH_USER_PATHS = NO;
				ASSETCATALOG_COMPILER_APPICON_NAME = AppIcon;
				ASSETCATALOG_COMPILER_LAUNCHIMAGE_NAME = "Brand Assets";
				CLANG_ENABLE_MODULES = YES;
				CODE_SIGN_IDENTITY = "iPhone Developer";
				"CODE_SIGN_IDENTITY[sdk=iphoneos*]" = "iPhone Developer";
				FRAMEWORK_SEARCH_PATHS = (
					"$(inherited)",
					"$(PROJECT_DIR)",
				);
				INFOPLIST_FILE = "$(SRCROOT)/Info.plist";
				IPHONEOS_DEPLOYMENT_TARGET = 8.0;
				LD_RUNPATH_SEARCH_PATHS = "$(inherited) @executable_path/Frameworks";
				ONLY_ACTIVE_ARCH = YES;
				PRODUCT_BUNDLE_IDENTIFIER = com.rGradeStd;
				PRODUCT_NAME = "$(TARGET_NAME)";
				PROVISIONING_PROFILE = "";
				SWIFT_OBJC_BRIDGING_HEADER = "Supporting Files/Bridging-Header.h";
				"SWIFT_OBJC_BRIDGING_HEADER[arch=*]" = "Supporting Files/Bridging-Header.h";
				TARGETED_DEVICE_FAMILY = "1,2";
				USER_HEADER_SEARCH_PATHS = "Pods/**";
			};
			name = Release;
		};
/* End XCBuildConfiguration section */

/* Begin XCConfigurationList section */
		B2FDE3711C3DB4C300290A04 /* Build configuration list for PBXProject "Raspisaniye" */ = {
			isa = XCConfigurationList;
			buildConfigurations = (
				B2FDE3881C3DB4C300290A04 /* Debug */,
				B2FDE3891C3DB4C300290A04 /* Release */,
			);
			defaultConfigurationIsVisible = 0;
			defaultConfigurationName = Release;
		};
		B2FDE38A1C3DB4C300290A04 /* Build configuration list for PBXNativeTarget "Raspisaniye" */ = {
			isa = XCConfigurationList;
			buildConfigurations = (
				B2FDE38B1C3DB4C300290A04 /* Debug */,
				B2FDE38C1C3DB4C300290A04 /* Release */,
			);
			defaultConfigurationIsVisible = 0;
			defaultConfigurationName = Release;
		};
/* End XCConfigurationList section */
	};
	rootObject = B2FDE36E1C3DB4C300290A04 /* Project object */;
}
