// !$*UTF8*$!
{
	archiveVersion = 1;
	classes = {
	};
	objectVersion = 46;
	objects = {

/* Begin PBXBuildFile section */
		B24ACABE1C408B86006FB191 /* AppDelegate.swift in Sources */ = {isa = PBXBuildFile; fileRef = B24ACAB81C408B86006FB191 /* AppDelegate.swift */; settings = {ASSET_TAGS = (); }; };
		B24ACAC01C408B86006FB191 /* Info.plist in Resources */ = {isa = PBXBuildFile; fileRef = B24ACABB1C408B86006FB191 /* Info.plist */; settings = {ASSET_TAGS = (); }; };
		B24ACAC11C408B86006FB191 /* MainNavigationSegue.swift in Sources */ = {isa = PBXBuildFile; fileRef = B24ACABC1C408B86006FB191 /* MainNavigationSegue.swift */; settings = {ASSET_TAGS = (); }; };
		B24ACAC21C408B86006FB191 /* MMSwiftTabBarController.swift in Sources */ = {isa = PBXBuildFile; fileRef = B24ACABD1C408B86006FB191 /* MMSwiftTabBarController.swift */; settings = {ASSET_TAGS = (); }; };
		B2639AD01C4123A30028F663 /* Global.swift in Sources */ = {isa = PBXBuildFile; fileRef = B2639ACF1C4123A30028F663 /* Global.swift */; settings = {ASSET_TAGS = (); }; };
		B2639AD71C41291F0028F663 /* Images.xcassets in Resources */ = {isa = PBXBuildFile; fileRef = B2639AD61C41291F0028F663 /* Images.xcassets */; settings = {ASSET_TAGS = (); }; };
		B289090C1C52CC0700EB0A08 /* CabController.swift in Sources */ = {isa = PBXBuildFile; fileRef = B289090B1C52CC0700EB0A08 /* CabController.swift */; settings = {ASSET_TAGS = (); }; };
		B2C4063A1C408C4E00FB90BF /* Info.plist in Resources */ = {isa = PBXBuildFile; fileRef = B2C406391C408C4E00FB90BF /* Info.plist */; settings = {ASSET_TAGS = (); }; };
		B2C4063D1C408CD000FB90BF /* LaunchScreen.xib in Resources */ = {isa = PBXBuildFile; fileRef = B2C4063B1C408CD000FB90BF /* LaunchScreen.xib */; settings = {ASSET_TAGS = (); }; };
		B2C4063E1C408CD000FB90BF /* Main.storyboard in Resources */ = {isa = PBXBuildFile; fileRef = B2C4063C1C408CD000FB90BF /* Main.storyboard */; settings = {ASSET_TAGS = (); }; };
/* End PBXBuildFile section */

/* Begin PBXFileReference section */
		B24ACAB81C408B86006FB191 /* AppDelegate.swift */ = {isa = PBXFileReference; fileEncoding = 4; lastKnownFileType = sourcecode.swift; path = AppDelegate.swift; sourceTree = "<group>"; };
		B24ACABB1C408B86006FB191 /* Info.plist */ = {isa = PBXFileReference; fileEncoding = 4; lastKnownFileType = text.plist.xml; path = Info.plist; sourceTree = "<group>"; };
		B24ACABC1C408B86006FB191 /* MainNavigationSegue.swift */ = {isa = PBXFileReference; fileEncoding = 4; lastKnownFileType = sourcecode.swift; path = MainNavigationSegue.swift; sourceTree = "<group>"; };
		B24ACABD1C408B86006FB191 /* MMSwiftTabBarController.swift */ = {isa = PBXFileReference; fileEncoding = 4; lastKnownFileType = sourcecode.swift; path = MMSwiftTabBarController.swift; sourceTree = "<group>"; };
		B24ACAC31C408BB1006FB191 /* Raspisaniye-Bridging-Header.h */ = {isa = PBXFileReference; fileEncoding = 4; lastKnownFileType = sourcecode.c.h; name = "Raspisaniye-Bridging-Header.h"; path = "../Raspisaniye-Bridging-Header.h"; sourceTree = "<group>"; };
		B2639ACF1C4123A30028F663 /* Global.swift */ = {isa = PBXFileReference; fileEncoding = 4; lastKnownFileType = sourcecode.swift; path = Global.swift; sourceTree = "<group>"; };
		B2639AD61C41291F0028F663 /* Images.xcassets */ = {isa = PBXFileReference; lastKnownFileType = folder.assetcatalog; name = Images.xcassets; path = Raspisaniye/Images.xcassets; sourceTree = "<group>"; };
		B289090B1C52CC0700EB0A08 /* CabController.swift */ = {isa = PBXFileReference; fileEncoding = 4; lastKnownFileType = sourcecode.swift; path = CabController.swift; sourceTree = "<group>"; };
		B2C406391C408C4E00FB90BF /* Info.plist */ = {isa = PBXFileReference; fileEncoding = 4; lastKnownFileType = text.plist.xml; path = Info.plist; sourceTree = "<group>"; };
		B2C4063B1C408CD000FB90BF /* LaunchScreen.xib */ = {isa = PBXFileReference; fileEncoding = 4; lastKnownFileType = file.xib; path = LaunchScreen.xib; sourceTree = "<group>"; };
		B2C4063C1C408CD000FB90BF /* Main.storyboard */ = {isa = PBXFileReference; fileEncoding = 4; lastKnownFileType = file.storyboard; path = Main.storyboard; sourceTree = "<group>"; };
		B2FDE3761C3DB4C300290A04 /* Raspisaniye.app */ = {isa = PBXFileReference; explicitFileType = wrapper.application; includeInIndex = 0; path = Raspisaniye.app; sourceTree = BUILT_PRODUCTS_DIR; };
/* End PBXFileReference section */

/* Begin PBXFrameworksBuildPhase section */
		B2FDE3731C3DB4C300290A04 /* Frameworks */ = {
			isa = PBXFrameworksBuildPhase;
			buildActionMask = 2147483647;
			files = (
			);
			runOnlyForDeploymentPostprocessing = 0;
		};
/* End PBXFrameworksBuildPhase section */

/* Begin PBXGroup section */
		B2639AD51C4127EC0028F663 /* Icons */ = {
			isa = PBXGroup;
			children = (
			);
			name = Icons;
			sourceTree = "<group>";
		};
		B2FDE36D1C3DB4C300290A04 = {
			isa = PBXGroup;
			children = (
				B2639AD61C41291F0028F663 /* Images.xcassets */,
				B2639AD51C4127EC0028F663 /* Icons */,
				B2639ACF1C4123A30028F663 /* Global.swift */,
				B2C406391C408C4E00FB90BF /* Info.plist */,
				B24ACAC31C408BB1006FB191 /* Raspisaniye-Bridging-Header.h */,
				B2C4063B1C408CD000FB90BF /* LaunchScreen.xib */,
				B2C4063C1C408CD000FB90BF /* Main.storyboard */,
				B289090B1C52CC0700EB0A08 /* CabController.swift */,
				B24ACAB81C408B86006FB191 /* AppDelegate.swift */,
				B24ACABB1C408B86006FB191 /* Info.plist */,
				B24ACABC1C408B86006FB191 /* MainNavigationSegue.swift */,
				B24ACABD1C408B86006FB191 /* MMSwiftTabBarController.swift */,
				B2FDE3771C3DB4C300290A04 /* Products */,
			);
			sourceTree = "<group>";
		};
		B2FDE3771C3DB4C300290A04 /* Products */ = {
			isa = PBXGroup;
			children = (
				B2FDE3761C3DB4C300290A04 /* Raspisaniye.app */,
			);
			name = Products;
			sourceTree = "<group>";
		};
/* End PBXGroup section */

/* Begin PBXNativeTarget section */
		B2FDE3751C3DB4C300290A04 /* Raspisaniye */ = {
			isa = PBXNativeTarget;
			buildConfigurationList = B2FDE38A1C3DB4C300290A04 /* Build configuration list for PBXNativeTarget "Raspisaniye" */;
			buildPhases = (
				B2FDE3721C3DB4C300290A04 /* Sources */,
				B2FDE3731C3DB4C300290A04 /* Frameworks */,
				B2FDE3741C3DB4C300290A04 /* Resources */,
			);
			buildRules = (
			);
			dependencies = (
			);
			name = Raspisaniye;
			productName = Raspisaniye;
			productReference = B2FDE3761C3DB4C300290A04 /* Raspisaniye.app */;
			productType = "com.apple.product-type.application";
		};
/* End PBXNativeTarget section */

/* Begin PBXProject section */
		B2FDE36E1C3DB4C300290A04 /* Project object */ = {
			isa = PBXProject;
			attributes = {
				LastSwiftUpdateCheck = 0700;
				LastUpgradeCheck = 0700;
				ORGANIZATIONNAME = rGradeStd;
				TargetAttributes = {
					B2FDE3751C3DB4C300290A04 = {
						CreatedOnToolsVersion = 7.0;
						DevelopmentTeam = FKNLQ46HWC;
					};
				};
			};
			buildConfigurationList = B2FDE3711C3DB4C300290A04 /* Build configuration list for PBXProject "Raspisaniye" */;
			compatibilityVersion = "Xcode 3.2";
			developmentRegion = English;
			hasScannedForEncodings = 0;
			knownRegions = (
				en,
				Base,
			);
			mainGroup = B2FDE36D1C3DB4C300290A04;
			productRefGroup = B2FDE3771C3DB4C300290A04 /* Products */;
			projectDirPath = "";
			projectRoot = "";
			targets = (
				B2FDE3751C3DB4C300290A04 /* Raspisaniye */,
			);
		};
/* End PBXProject section */

/* Begin PBXResourcesBuildPhase section */
		B2FDE3741C3DB4C300290A04 /* Resources */ = {
			isa = PBXResourcesBuildPhase;
			buildActionMask = 2147483647;
			files = (
				B2C4063D1C408CD000FB90BF /* LaunchScreen.xib in Resources */,
				B2C4063E1C408CD000FB90BF /* Main.storyboard in Resources */,
				B2639AD71C41291F0028F663 /* Images.xcassets in Resources */,
				B24ACAC01C408B86006FB191 /* Info.plist in Resources */,
				B2C4063A1C408C4E00FB90BF /* Info.plist in Resources */,
			);
			runOnlyForDeploymentPostprocessing = 0;
		};
/* End PBXResourcesBuildPhase section */

/* Begin PBXSourcesBuildPhase section */
		B2FDE3721C3DB4C300290A04 /* Sources */ = {
			isa = PBXSourcesBuildPhase;
			buildActionMask = 2147483647;
			files = (
				B2639AD01C4123A30028F663 /* Global.swift in Sources */,
				B24ACAC11C408B86006FB191 /* MainNavigationSegue.swift in Sources */,
				B24ACABE1C408B86006FB191 /* AppDelegate.swift in Sources */,
				B289090C1C52CC0700EB0A08 /* CabController.swift in Sources */,
				B24ACAC21C408B86006FB191 /* MMSwiftTabBarController.swift in Sources */,
			);
			runOnlyForDeploymentPostprocessing = 0;
		};
/* End PBXSourcesBuildPhase section */

/* Begin XCBuildConfiguration section */
		B2FDE3881C3DB4C300290A04 /* Debug */ = {
			isa = XCBuildConfiguration;
			buildSettings = {
				ALWAYS_SEARCH_USER_PATHS = NO;
				CLANG_CXX_LANGUAGE_STANDARD = "gnu++0x";
				CLANG_CXX_LIBRARY = "libc++";
				CLANG_ENABLE_MODULES = YES;
				CLANG_ENABLE_OBJC_ARC = YES;
				CLANG_WARN_BOOL_CONVERSION = YES;
				CLANG_WARN_CONSTANT_CONVERSION = YES;
				CLANG_WARN_DIRECT_OBJC_ISA_USAGE = YES_ERROR;
				CLANG_WARN_EMPTY_BODY = YES;
				CLANG_WARN_ENUM_CONVERSION = YES;
				CLANG_WARN_INT_CONVERSION = YES;
				CLANG_WARN_OBJC_ROOT_CLASS = YES_ERROR;
				CLANG_WARN_UNREACHABLE_CODE = YES;
				CLANG_WARN__DUPLICATE_METHOD_MATCH = YES;
				"CODE_SIGN_IDENTITY[sdk=iphoneos*]" = "iPhone Developer";
				COPY_PHASE_STRIP = NO;
				DEBUG_INFORMATION_FORMAT = dwarf;
				ENABLE_STRICT_OBJC_MSGSEND = YES;
				ENABLE_TESTABILITY = YES;
				GCC_C_LANGUAGE_STANDARD = gnu99;
				GCC_DYNAMIC_NO_PIC = NO;
				GCC_NO_COMMON_BLOCKS = YES;
				GCC_OPTIMIZATION_LEVEL = 0;
				GCC_PREPROCESSOR_DEFINITIONS = (
					"DEBUG=1",
					"$(inherited)",
				);
				GCC_WARN_64_TO_32_BIT_CONVERSION = YES;
				GCC_WARN_ABOUT_RETURN_TYPE = YES_ERROR;
				GCC_WARN_UNDECLARED_SELECTOR = YES;
				GCC_WARN_UNINITIALIZED_AUTOS = YES_AGGRESSIVE;
				GCC_WARN_UNUSED_FUNCTION = YES;
				GCC_WARN_UNUSED_VARIABLE = YES;
				IPHONEOS_DEPLOYMENT_TARGET = 9.0;
				MTL_ENABLE_DEBUG_INFO = YES;
				ONLY_ACTIVE_ARCH = YES;
				SDKROOT = iphoneos;
				SWIFT_OPTIMIZATION_LEVEL = "-Onone";
			};
			name = Debug;
		};
		B2FDE3891C3DB4C300290A04 /* Release */ = {
			isa = XCBuildConfiguration;
			buildSettings = {
				ALWAYS_SEARCH_USER_PATHS = NO;
				CLANG_CXX_LANGUAGE_STANDARD = "gnu++0x";
				CLANG_CXX_LIBRARY = "libc++";
				CLANG_ENABLE_MODULES = YES;
				CLANG_ENABLE_OBJC_ARC = YES;
				CLANG_WARN_BOOL_CONVERSION = YES;
				CLANG_WARN_CONSTANT_CONVERSION = YES;
				CLANG_WARN_DIRECT_OBJC_ISA_USAGE = YES_ERROR;
				CLANG_WARN_EMPTY_BODY = YES;
				CLANG_WARN_ENUM_CONVERSION = YES;
				CLANG_WARN_INT_CONVERSION = YES;
				CLANG_WARN_OBJC_ROOT_CLASS = YES_ERROR;
				CLANG_WARN_UNREACHABLE_CODE = YES;
				CLANG_WARN__DUPLICATE_METHOD_MATCH = YES;
				"CODE_SIGN_IDENTITY[sdk=iphoneos*]" = "iPhone Developer";
				COPY_PHASE_STRIP = NO;
				DEBUG_INFORMATION_FORMAT = "dwarf-with-dsym";
				ENABLE_NS_ASSERTIONS = NO;
				ENABLE_STRICT_OBJC_MSGSEND = YES;
				GCC_C_LANGUAGE_STANDARD = gnu99;
				GCC_NO_COMMON_BLOCKS = YES;
				GCC_WARN_64_TO_32_BIT_CONVERSION = YES;
				GCC_WARN_ABOUT_RETURN_TYPE = YES_ERROR;
				GCC_WARN_UNDECLARED_SELECTOR = YES;
				GCC_WARN_UNINITIALIZED_AUTOS = YES_AGGRESSIVE;
				GCC_WARN_UNUSED_FUNCTION = YES;
				GCC_WARN_UNUSED_VARIABLE = YES;
				IPHONEOS_DEPLOYMENT_TARGET = 9.0;
				MTL_ENABLE_DEBUG_INFO = NO;
				SDKROOT = iphoneos;
				VALIDATE_PRODUCT = YES;
			};
			name = Release;
		};
		B2FDE38B1C3DB4C300290A04 /* Debug */ = {
			isa = XCBuildConfiguration;
			buildSettings = {
				ASSETCATALOG_COMPILER_APPICON_NAME = AppIcon;
				ASSETCATALOG_COMPILER_LAUNCHIMAGE_NAME = BrandAsset;
				CLANG_ENABLE_MODULES = YES;
				INFOPLIST_FILE = "$(SRCROOT)/Info.plist";
				LD_RUNPATH_SEARCH_PATHS = "$(inherited) @executable_path/Frameworks";
				PRODUCT_BUNDLE_IDENTIFIER = rGradeStd.Raspisaniye;
				PRODUCT_NAME = "$(TARGET_NAME)";
				SWIFT_OBJC_BRIDGING_HEADER = "";
				SWIFT_OPTIMIZATION_LEVEL = "-Onone";
			};
			name = Debug;
		};
		B2FDE38C1C3DB4C300290A04 /* Release */ = {
			isa = XCBuildConfiguration;
			buildSettings = {
				ASSETCATALOG_COMPILER_APPICON_NAME = AppIcon;
				ASSETCATALOG_COMPILER_LAUNCHIMAGE_NAME = BrandAsset;
				CLANG_ENABLE_MODULES = YES;
				INFOPLIST_FILE = "$(SRCROOT)/Info.plist";
				LD_RUNPATH_SEARCH_PATHS = "$(inherited) @executable_path/Frameworks";
				PRODUCT_BUNDLE_IDENTIFIER = rGradeStd.Raspisaniye;
				PRODUCT_NAME = "$(TARGET_NAME)";
				SWIFT_OBJC_BRIDGING_HEADER = "";
			};
			name = Release;
		};
/* End XCBuildConfiguration section */

/* Begin XCConfigurationList section */
		B2FDE3711C3DB4C300290A04 /* Build configuration list for PBXProject "Raspisaniye" */ = {
			isa = XCConfigurationList;
			buildConfigurations = (
				B2FDE3881C3DB4C300290A04 /* Debug */,
				B2FDE3891C3DB4C300290A04 /* Release */,
			);
			defaultConfigurationIsVisible = 0;
			defaultConfigurationName = Release;
		};
		B2FDE38A1C3DB4C300290A04 /* Build configuration list for PBXNativeTarget "Raspisaniye" */ = {
			isa = XCConfigurationList;
			buildConfigurations = (
				B2FDE38B1C3DB4C300290A04 /* Debug */,
				B2FDE38C1C3DB4C300290A04 /* Release */,
			);
			defaultConfigurationIsVisible = 0;
			defaultConfigurationName = Release;
		};
/* End XCConfigurationList section */
	};
	rootObject = B2FDE36E1C3DB4C300290A04 /* Project object */;
}
